
Microsoft Visual Studio Solution File, Format Version 12.00
# Visual Studio Version 16
VisualStudioVersion = 16.0.31624.102
MinimumVisualStudioVersion = 10.0.40219.1
Project("{9A19103F-16F7-4668-BE54-9A1E7A4F7556}") = "lab-1", "lab-1\lab-1.csproj", "{DE9C36B1-D887-4C6B-B272-E32073C8BE62}"
EndProject
Project("{9A19103F-16F7-4668-BE54-9A1E7A4F7556}") = "lab-2", "lab-2\lab-2.csproj", "{A0407D6A-E112-4270-95DB-6AF800DD729F}"
EndProject
Project("{9A19103F-16F7-4668-BE54-9A1E7A4F7556}") = "lab-3", "lab-3\lab-3.csproj", "{99247616-653E-4F11-BDFE-A57722D41497}"
EndProject
Project("{FAE04EC0-301F-11D3-BF4B-00C04F79EFBC}") = "lab-3-zadanie", "lab-3-zadanie\lab-3-zadanie.csproj", "{44EB8643-25B9-47D8-B6BC-317EB56A6CC9}"
EndProject
Global
	GlobalSection(SolutionConfigurationPlatforms) = preSolution
		Debug|Any CPU = Debug|Any CPU
		Release|Any CPU = Release|Any CPU
	EndGlobalSection
	GlobalSection(ProjectConfigurationPlatforms) = postSolution
		{DE9C36B1-D887-4C6B-B272-E32073C8BE62}.Debug|Any CPU.ActiveCfg = Debug|Any CPU
		{DE9C36B1-D887-4C6B-B272-E32073C8BE62}.Debug|Any CPU.Build.0 = Debug|Any CPU
		{DE9C36B1-D887-4C6B-B272-E32073C8BE62}.Release|Any CPU.ActiveCfg = Release|Any CPU
		{DE9C36B1-D887-4C6B-B272-E32073C8BE62}.Release|Any CPU.Build.0 = Release|Any CPU
		{A0407D6A-E112-4270-95DB-6AF800DD729F}.Debug|Any CPU.ActiveCfg = Debug|Any CPU
		{A0407D6A-E112-4270-95DB-6AF800DD729F}.Debug|Any CPU.Build.0 = Debug|Any CPU
		{A0407D6A-E112-4270-95DB-6AF800DD729F}.Release|Any CPU.ActiveCfg = Release|Any CPU
		{A0407D6A-E112-4270-95DB-6AF800DD729F}.Release|Any CPU.Build.0 = Release|Any CPU
		{99247616-653E-4F11-BDFE-A57722D41497}.Debug|Any CPU.ActiveCfg = Debug|Any CPU
		{99247616-653E-4F11-BDFE-A57722D41497}.Debug|Any CPU.Build.0 = Debug|Any CPU
		{99247616-653E-4F11-BDFE-A57722D41497}.Release|Any CPU.ActiveCfg = Release|Any CPU
		{99247616-653E-4F11-BDFE-A57722D41497}.Release|Any CPU.Build.0 = Release|Any CPU
		{44EB8643-25B9-47D8-B6BC-317EB56A6CC9}.Debug|Any CPU.ActiveCfg = Debug|Any CPU
		{44EB8643-25B9-47D8-B6BC-317EB56A6CC9}.Debug|Any CPU.Build.0 = Debug|Any CPU
		{44EB8643-25B9-47D8-B6BC-317EB56A6CC9}.Release|Any CPU.ActiveCfg = Release|Any CPU
		{44EB8643-25B9-47D8-B6BC-317EB56A6CC9}.Release|Any CPU.Build.0 = Release|Any CPU
	EndGlobalSection
	GlobalSection(SolutionProperties) = preSolution
		HideSolutionNode = FALSE
	EndGlobalSection
	GlobalSection(ExtensibilityGlobals) = postSolution
		SolutionGuid = {9178147A-525D-4BEA-8FDB-AA6921F6EE85}
	EndGlobalSection
EndGlobal
