
Microsoft Visual Studio Solution File, Format Version 12.00
# Visual Studio Version 16
VisualStudioVersion = 16.0.31624.102
MinimumVisualStudioVersion = 10.0.40219.1
Project("{9A19103F-16F7-4668-BE54-9A1E7A4F7556}") = "lab-1", "lab-1\lab-1.csproj", "{DE9C36B1-D887-4C6B-B272-E32073C8BE62}"
EndProject
Project("{9A19103F-16F7-4668-BE54-9A1E7A4F7556}") = "lab-2", "lab-2\lab-2.csproj", "{A0407D6A-E112-4270-95DB-6AF800DD729F}"
EndProject
Project("{9A19103F-16F7-4668-BE54-9A1E7A4F7556}") = "lab-3", "lab-3\lab-3.csproj", "{99247616-653E-4F11-BDFE-A57722D41497}"
EndProject
Project("{9A19103F-16F7-4668-BE54-9A1E7A4F7556}") = "lab-3-zadanie", "lab-3-zadanie\lab-3-zadanie.csproj", "{44EB8643-25B9-47D8-B6BC-317EB56A6CC9}"
EndProject
Project("{9A19103F-16F7-4668-BE54-9A1E7A4F7556}") = "lab-4", "lab-4\lab-4.csproj", "{E9A3BA1B-29F8-4693-A4DA-DFC1BF676A52}"
EndProject
Project("{9A19103F-16F7-4668-BE54-9A1E7A4F7556}") = "lab-5", "lab-5\lab-5.csproj", "{99110146-265B-4418-944B-9EC14B99865B}"
EndProject
Project("{9A19103F-16F7-4668-BE54-9A1E7A4F7556}") = "lab-5-zadanie", "lab-5-zadanie\lab-5-zadanie.csproj", "{1D333AF6-F8B2-405B-893F-12F6B4B2A98E}"
EndProject
Project("{9A19103F-16F7-4668-BE54-9A1E7A4F7556}") = "lab-6", "lab-6\lab-6.csproj", "{DC8CD814-557B-470B-A766-908FDEB21277}"
EndProject
Project("{9A19103F-16F7-4668-BE54-9A1E7A4F7556}") = "lab-7", "lab-7\lab-7.csproj", "{E152A5CE-6A7C-4EC4-A515-CD705376A216}"
EndProject
Project("{9A19103F-16F7-4668-BE54-9A1E7A4F7556}") = "lab-7-zadanie", "lab-7-zadanie\lab-7-zadanie.csproj", "{FD953DD8-2612-4E2E-8E38-8BA6FC53B7AD}"
EndProject
Project("{9A19103F-16F7-4668-BE54-9A1E7A4F7556}") = "lab-8", "lab-8\lab-8.csproj", "{443169EE-A462-4E4F-8A8F-BFD97F50B905}"
EndProject
Project("{9A19103F-16F7-4668-BE54-9A1E7A4F7556}") = "lab-8-zadanie", "lab-8-zadanie\lab-8-zadanie.csproj", "{E255134E-11FB-429B-BF6F-6CE56C10E3A7}"
EndProject
Project("{9A19103F-16F7-4668-BE54-9A1E7A4F7556}") = "test", "test\test.csproj", "{DCF3E4F9-80B7-4323-804C-5323D3CBD5E6}"
EndProject
Project("{FAE04EC0-301F-11D3-BF4B-00C04F79EFBC}") = "lab-9", "lab-9\lab-9.csproj", "{459825D5-48EE-4AA1-88CE-D8234B91F402}"
EndProject
Global
	GlobalSection(SolutionConfigurationPlatforms) = preSolution
		Debug|Any CPU = Debug|Any CPU
		Release|Any CPU = Release|Any CPU
	EndGlobalSection
	GlobalSection(ProjectConfigurationPlatforms) = postSolution
		{DE9C36B1-D887-4C6B-B272-E32073C8BE62}.Debug|Any CPU.ActiveCfg = Debug|Any CPU
		{DE9C36B1-D887-4C6B-B272-E32073C8BE62}.Debug|Any CPU.Build.0 = Debug|Any CPU
		{DE9C36B1-D887-4C6B-B272-E32073C8BE62}.Release|Any CPU.ActiveCfg = Release|Any CPU
		{DE9C36B1-D887-4C6B-B272-E32073C8BE62}.Release|Any CPU.Build.0 = Release|Any CPU
		{A0407D6A-E112-4270-95DB-6AF800DD729F}.Debug|Any CPU.ActiveCfg = Debug|Any CPU
		{A0407D6A-E112-4270-95DB-6AF800DD729F}.Debug|Any CPU.Build.0 = Debug|Any CPU
		{A0407D6A-E112-4270-95DB-6AF800DD729F}.Release|Any CPU.ActiveCfg = Release|Any CPU
		{A0407D6A-E112-4270-95DB-6AF800DD729F}.Release|Any CPU.Build.0 = Release|Any CPU
		{99247616-653E-4F11-BDFE-A57722D41497}.Debug|Any CPU.ActiveCfg = Debug|Any CPU
		{99247616-653E-4F11-BDFE-A57722D41497}.Debug|Any CPU.Build.0 = Debug|Any CPU
		{99247616-653E-4F11-BDFE-A57722D41497}.Release|Any CPU.ActiveCfg = Release|Any CPU
		{99247616-653E-4F11-BDFE-A57722D41497}.Release|Any CPU.Build.0 = Release|Any CPU
		{44EB8643-25B9-47D8-B6BC-317EB56A6CC9}.Debug|Any CPU.ActiveCfg = Debug|Any CPU
		{44EB8643-25B9-47D8-B6BC-317EB56A6CC9}.Debug|Any CPU.Build.0 = Debug|Any CPU
		{44EB8643-25B9-47D8-B6BC-317EB56A6CC9}.Release|Any CPU.ActiveCfg = Release|Any CPU
		{44EB8643-25B9-47D8-B6BC-317EB56A6CC9}.Release|Any CPU.Build.0 = Release|Any CPU
		{E9A3BA1B-29F8-4693-A4DA-DFC1BF676A52}.Debug|Any CPU.ActiveCfg = Debug|Any CPU
		{E9A3BA1B-29F8-4693-A4DA-DFC1BF676A52}.Debug|Any CPU.Build.0 = Debug|Any CPU
		{E9A3BA1B-29F8-4693-A4DA-DFC1BF676A52}.Release|Any CPU.ActiveCfg = Release|Any CPU
		{E9A3BA1B-29F8-4693-A4DA-DFC1BF676A52}.Release|Any CPU.Build.0 = Release|Any CPU
		{99110146-265B-4418-944B-9EC14B99865B}.Debug|Any CPU.ActiveCfg = Debug|Any CPU
		{99110146-265B-4418-944B-9EC14B99865B}.Debug|Any CPU.Build.0 = Debug|Any CPU
		{99110146-265B-4418-944B-9EC14B99865B}.Release|Any CPU.ActiveCfg = Release|Any CPU
		{99110146-265B-4418-944B-9EC14B99865B}.Release|Any CPU.Build.0 = Release|Any CPU
		{1D333AF6-F8B2-405B-893F-12F6B4B2A98E}.Debug|Any CPU.ActiveCfg = Debug|Any CPU
		{1D333AF6-F8B2-405B-893F-12F6B4B2A98E}.Debug|Any CPU.Build.0 = Debug|Any CPU
		{1D333AF6-F8B2-405B-893F-12F6B4B2A98E}.Release|Any CPU.ActiveCfg = Release|Any CPU
		{1D333AF6-F8B2-405B-893F-12F6B4B2A98E}.Release|Any CPU.Build.0 = Release|Any CPU
		{DC8CD814-557B-470B-A766-908FDEB21277}.Debug|Any CPU.ActiveCfg = Debug|Any CPU
		{DC8CD814-557B-470B-A766-908FDEB21277}.Debug|Any CPU.Build.0 = Debug|Any CPU
		{DC8CD814-557B-470B-A766-908FDEB21277}.Release|Any CPU.ActiveCfg = Release|Any CPU
		{DC8CD814-557B-470B-A766-908FDEB21277}.Release|Any CPU.Build.0 = Release|Any CPU
		{E152A5CE-6A7C-4EC4-A515-CD705376A216}.Debug|Any CPU.ActiveCfg = Debug|Any CPU
		{E152A5CE-6A7C-4EC4-A515-CD705376A216}.Debug|Any CPU.Build.0 = Debug|Any CPU
		{E152A5CE-6A7C-4EC4-A515-CD705376A216}.Release|Any CPU.ActiveCfg = Release|Any CPU
		{E152A5CE-6A7C-4EC4-A515-CD705376A216}.Release|Any CPU.Build.0 = Release|Any CPU
		{FD953DD8-2612-4E2E-8E38-8BA6FC53B7AD}.Debug|Any CPU.ActiveCfg = Debug|Any CPU
		{FD953DD8-2612-4E2E-8E38-8BA6FC53B7AD}.Debug|Any CPU.Build.0 = Debug|Any CPU
		{FD953DD8-2612-4E2E-8E38-8BA6FC53B7AD}.Release|Any CPU.ActiveCfg = Release|Any CPU
		{FD953DD8-2612-4E2E-8E38-8BA6FC53B7AD}.Release|Any CPU.Build.0 = Release|Any CPU
		{443169EE-A462-4E4F-8A8F-BFD97F50B905}.Debug|Any CPU.ActiveCfg = Debug|Any CPU
		{443169EE-A462-4E4F-8A8F-BFD97F50B905}.Debug|Any CPU.Build.0 = Debug|Any CPU
		{443169EE-A462-4E4F-8A8F-BFD97F50B905}.Release|Any CPU.ActiveCfg = Release|Any CPU
		{443169EE-A462-4E4F-8A8F-BFD97F50B905}.Release|Any CPU.Build.0 = Release|Any CPU
		{E255134E-11FB-429B-BF6F-6CE56C10E3A7}.Debug|Any CPU.ActiveCfg = Debug|Any CPU
		{E255134E-11FB-429B-BF6F-6CE56C10E3A7}.Debug|Any CPU.Build.0 = Debug|Any CPU
		{E255134E-11FB-429B-BF6F-6CE56C10E3A7}.Release|Any CPU.ActiveCfg = Release|Any CPU
		{E255134E-11FB-429B-BF6F-6CE56C10E3A7}.Release|Any CPU.Build.0 = Release|Any CPU
		{DCF3E4F9-80B7-4323-804C-5323D3CBD5E6}.Debug|Any CPU.ActiveCfg = Debug|Any CPU
		{DCF3E4F9-80B7-4323-804C-5323D3CBD5E6}.Debug|Any CPU.Build.0 = Debug|Any CPU
		{DCF3E4F9-80B7-4323-804C-5323D3CBD5E6}.Release|Any CPU.ActiveCfg = Release|Any CPU
		{DCF3E4F9-80B7-4323-804C-5323D3CBD5E6}.Release|Any CPU.Build.0 = Release|Any CPU
		{459825D5-48EE-4AA1-88CE-D8234B91F402}.Debug|Any CPU.ActiveCfg = Debug|Any CPU
		{459825D5-48EE-4AA1-88CE-D8234B91F402}.Debug|Any CPU.Build.0 = Debug|Any CPU
		{459825D5-48EE-4AA1-88CE-D8234B91F402}.Release|Any CPU.ActiveCfg = Release|Any CPU
		{459825D5-48EE-4AA1-88CE-D8234B91F402}.Release|Any CPU.Build.0 = Release|Any CPU
	EndGlobalSection
	GlobalSection(SolutionProperties) = preSolution
		HideSolutionNode = FALSE
	EndGlobalSection
	GlobalSection(ExtensibilityGlobals) = postSolution
		SolutionGuid = {9178147A-525D-4BEA-8FDB-AA6921F6EE85}
	EndGlobalSection
EndGlobal
