
Microsoft Visual Studio Solution File, Format Version 12.00
# Visual Studio Version 16
VisualStudioVersion = 16.0.31025.194
MinimumVisualStudioVersion = 10.0.40219.1
Project("{FAE04EC0-301F-11D3-BF4B-00C04F79EFBC}") = "lab-2", "lab-2.csproj", "{8C73D365-07F6-4327-891B-CD548DACCC1C}"
EndProject
Global
	GlobalSection(SolutionConfigurationPlatforms) = preSolution
		Debug|Any CPU = Debug|Any CPU
		Release|Any CPU = Release|Any CPU
	EndGlobalSection
	GlobalSection(ProjectConfigurationPlatforms) = postSolution
		{8C73D365-07F6-4327-891B-CD548DACCC1C}.Debug|Any CPU.ActiveCfg = Debug|Any CPU
		{8C73D365-07F6-4327-891B-CD548DACCC1C}.Debug|Any CPU.Build.0 = Debug|Any CPU
		{8C73D365-07F6-4327-891B-CD548DACCC1C}.Release|Any CPU.ActiveCfg = Release|Any CPU
		{8C73D365-07F6-4327-891B-CD548DACCC1C}.Release|Any CPU.Build.0 = Release|Any CPU
	EndGlobalSection
	GlobalSection(SolutionProperties) = preSolution
		HideSolutionNode = FALSE
	EndGlobalSection
	GlobalSection(ExtensibilityGlobals) = postSolution
		SolutionGuid = {691C377A-1B0B-4901-B614-6FD30E0F4879}
	EndGlobalSection
EndGlobal
